
Microsoft Visual Studio Solution File, Format Version 12.00
# Visual Studio 15
VisualStudioVersion = 15.0.28307.421
MinimumVisualStudioVersion = 10.0.40219.1
Project("{FAE04EC0-301F-11D3-BF4B-00C04F79EFBC}") = "Stupin41PILab01.Android", "Stupin41PILab01\Stupin41PILab01.Android\Stupin41PILab01.Android.csproj", "{C1331A49-DE7F-438F-8B48-310F99E04F28}"
EndProject
Project("{FAE04EC0-301F-11D3-BF4B-00C04F79EFBC}") = "Stupin41PILab01", "Stupin41PILab01\Stupin41PILab01\Stupin41PILab01.csproj", "{C0DE1679-D275-4602-876C-87D189116F58}"
EndProject
Global
	GlobalSection(SolutionConfigurationPlatforms) = preSolution
		Debug|Any CPU = Debug|Any CPU
		Release|Any CPU = Release|Any CPU
	EndGlobalSection
	GlobalSection(ProjectConfigurationPlatforms) = postSolution
		{C1331A49-DE7F-438F-8B48-310F99E04F28}.Debug|Any CPU.ActiveCfg = Debug|Any CPU
		{C1331A49-DE7F-438F-8B48-310F99E04F28}.Debug|Any CPU.Build.0 = Debug|Any CPU
		{C1331A49-DE7F-438F-8B48-310F99E04F28}.Debug|Any CPU.Deploy.0 = Debug|Any CPU
		{C1331A49-DE7F-438F-8B48-310F99E04F28}.Release|Any CPU.ActiveCfg = Release|Any CPU
		{C1331A49-DE7F-438F-8B48-310F99E04F28}.Release|Any CPU.Build.0 = Release|Any CPU
		{C1331A49-DE7F-438F-8B48-310F99E04F28}.Release|Any CPU.Deploy.0 = Release|Any CPU
		{C0DE1679-D275-4602-876C-87D189116F58}.Debug|Any CPU.ActiveCfg = Debug|Any CPU
		{C0DE1679-D275-4602-876C-87D189116F58}.Debug|Any CPU.Build.0 = Debug|Any CPU
		{C0DE1679-D275-4602-876C-87D189116F58}.Debug|Any CPU.Deploy.0 = Debug|Any CPU
		{C0DE1679-D275-4602-876C-87D189116F58}.Release|Any CPU.ActiveCfg = Release|Any CPU
		{C0DE1679-D275-4602-876C-87D189116F58}.Release|Any CPU.Build.0 = Release|Any CPU
		{C0DE1679-D275-4602-876C-87D189116F58}.Release|Any CPU.Deploy.0 = Release|Any CPU
	EndGlobalSection
	GlobalSection(SolutionProperties) = preSolution
		HideSolutionNode = FALSE
	EndGlobalSection
	GlobalSection(ExtensibilityGlobals) = postSolution
		SolutionGuid = {09A7EC2C-5BA5-447D-B10C-F5987C74A502}
	EndGlobalSection
EndGlobal
